// !$*UTF8*$!
{
	archiveVersion = 1;
	classes = {
	};
	objectVersion = 50;
	objects = {

/* Begin PBXBuildFile section */
		9450FB0623B5F0A600DAD056 /* AppDelegate.swift in Sources */ = {isa = PBXBuildFile; fileRef = 9450FB0523B5F0A600DAD056 /* AppDelegate.swift */; };
		9450FB0823B5F0A600DAD056 /* SceneDelegate.swift in Sources */ = {isa = PBXBuildFile; fileRef = 9450FB0723B5F0A600DAD056 /* SceneDelegate.swift */; };
		9450FB0A23B5F0A600DAD056 /* ViewController.swift in Sources */ = {isa = PBXBuildFile; fileRef = 9450FB0923B5F0A600DAD056 /* ViewController.swift */; };
		9450FB0D23B5F0A600DAD056 /* Main.storyboard in Resources */ = {isa = PBXBuildFile; fileRef = 9450FB0B23B5F0A600DAD056 /* Main.storyboard */; };
		9450FB0F23B5F0A800DAD056 /* Assets.xcassets in Resources */ = {isa = PBXBuildFile; fileRef = 9450FB0E23B5F0A800DAD056 /* Assets.xcassets */; };
		9450FB1223B5F0A800DAD056 /* LaunchScreen.storyboard in Resources */ = {isa = PBXBuildFile; fileRef = 9450FB1023B5F0A800DAD056 /* LaunchScreen.storyboard */; };
/* End PBXBuildFile section */

/* Begin PBXFileReference section */
		9450FB0223B5F0A600DAD056 /* xxxx.app */ = {isa = PBXFileReference; explicitFileType = wrapper.application; includeInIndex = 0; path = xxxx.app; sourceTree = BUILT_PRODUCTS_DIR; };
		9450FB0523B5F0A600DAD056 /* AppDelegate.swift */ = {isa = PBXFileReference; lastKnownFileType = sourcecode.swift; path = AppDelegate.swift; sourceTree = "<group>"; };
		9450FB0723B5F0A600DAD056 /* SceneDelegate.swift */ = {isa = PBXFileReference; lastKnownFileType = sourcecode.swift; path = SceneDelegate.swift; sourceTree = "<group>"; };
		9450FB0923B5F0A600DAD056 /* ViewController.swift */ = {isa = PBXFileReference; lastKnownFileType = sourcecode.swift; path = ViewController.swift; sourceTree = "<group>"; };
		9450FB0C23B5F0A600DAD056 /* Base */ = {isa = PBXFileReference; lastKnownFileType = file.storyboard; name = Base; path = Base.lproj/Main.storyboard; sourceTree = "<group>"; };
		9450FB0E23B5F0A800DAD056 /* Assets.xcassets */ = {isa = PBXFileReference; lastKnownFileType = folder.assetcatalog; path = Assets.xcassets; sourceTree = "<group>"; };
		9450FB1123B5F0A800DAD056 /* Base */ = {isa = PBXFileReference; lastKnownFileType = file.storyboard; name = Base; path = Base.lproj/LaunchScreen.storyboard; sourceTree = "<group>"; };
		9450FB1323B5F0A800DAD056 /* Info.plist */ = {isa = PBXFileReference; lastKnownFileType = text.plist.xml; path = Info.plist; sourceTree = "<group>"; };
/* End PBXFileReference section */

/* Begin PBXFrameworksBuildPhase section */
		9450FAFF23B5F0A600DAD056 /* Frameworks */ = {
			isa = PBXFrameworksBuildPhase;
			buildActionMask = 2147483647;
			files = (
			);
			runOnlyForDeploymentPostprocessing = 0;
		};
/* End PBXFrameworksBuildPhase section */

/* Begin PBXGroup section */
		9450FAF923B5F0A600DAD056 = {
			isa = PBXGroup;
			children = (
				9450FB0423B5F0A600DAD056 /* xxxx */,
				9450FB0323B5F0A600DAD056 /* Products */,
			);
			sourceTree = "<group>";
		};
		9450FB0323B5F0A600DAD056 /* Products */ = {
			isa = PBXGroup;
			children = (
				9450FB0223B5F0A600DAD056 /* xxxx.app */,
			);
			name = Products;
			sourceTree = "<group>";
		};
		9450FB0423B5F0A600DAD056 /* xxxx */ = {
			isa = PBXGroup;
			children = (
				9450FB0523B5F0A600DAD056 /* AppDelegate.swift */,
				9450FB0723B5F0A600DAD056 /* SceneDelegate.swift */,
				9450FB0923B5F0A600DAD056 /* ViewController.swift */,
				9450FB0B23B5F0A600DAD056 /* Main.storyboard */,
				9450FB0E23B5F0A800DAD056 /* Assets.xcassets */,
				9450FB1023B5F0A800DAD056 /* LaunchScreen.storyboard */,
				9450FB1323B5F0A800DAD056 /* Info.plist */,
			);
			path = xxxx;
			sourceTree = "<group>";
		};
/* End PBXGroup section */

/* Begin PBXNativeTarget section */
		9450FB0123B5F0A600DAD056 /* xxxx */ = {
			isa = PBXNativeTarget;
			buildConfigurationList = 9450FB1623B5F0A800DAD056 /* Build configuration list for PBXNativeTarget "xxxx" */;
			buildPhases = (
				9450FAFE23B5F0A600DAD056 /* Sources */,
				9450FAFF23B5F0A600DAD056 /* Frameworks */,
				9450FB0023B5F0A600DAD056 /* Resources */,
			);
			buildRules = (
			);
			dependencies = (
			);
			name = xxxx;
			productName = xxxx;
			productReference = 9450FB0223B5F0A600DAD056 /* xxxx.app */;
			productType = "com.apple.product-type.application";
		};
/* End PBXNativeTarget section */

/* Begin PBXProject section */
		9450FAFA23B5F0A600DAD056 /* Project object */ = {
			isa = PBXProject;
			attributes = {
				LastSwiftUpdateCheck = 1120;
				LastUpgradeCheck = 1120;
				ORGANIZATIONNAME = Pandax;
				TargetAttributes = {
					9450FB0123B5F0A600DAD056 = {
						CreatedOnToolsVersion = 11.2.1;
					};
				};
			};
			buildConfigurationList = 9450FAFD23B5F0A600DAD056 /* Build configuration list for PBXProject "xxxx" */;
			compatibilityVersion = "Xcode 9.3";
			developmentRegion = en;
			hasScannedForEncodings = 0;
			knownRegions = (
				en,
				Base,
			);
			mainGroup = 9450FAF923B5F0A600DAD056;
			productRefGroup = 9450FB0323B5F0A600DAD056 /* Products */;
			projectDirPath = "";
			projectRoot = "";
			targets = (
				9450FB0123B5F0A600DAD056 /* xxxx */,
			);
		};
/* End PBXProject section */

/* Begin PBXResourcesBuildPhase section */
		9450FB0023B5F0A600DAD056 /* Resources */ = {
			isa = PBXResourcesBuildPhase;
			buildActionMask = 2147483647;
			files = (
				9450FB1223B5F0A800DAD056 /* LaunchScreen.storyboard in Resources */,
				9450FB0F23B5F0A800DAD056 /* Assets.xcassets in Resources */,
				9450FB0D23B5F0A600DAD056 /* Main.storyboard in Resources */,
			);
			runOnlyForDeploymentPostprocessing = 0;
		};
/* End PBXResourcesBuildPhase section */

/* Begin PBXSourcesBuildPhase section */
		9450FAFE23B5F0A600DAD056 /* Sources */ = {
			isa = PBXSourcesBuildPhase;
			buildActionMask = 2147483647;
			files = (
				9450FB0A23B5F0A600DAD056 /* ViewController.swift in Sources */,
				9450FB0623B5F0A600DAD056 /* AppDelegate.swift in Sources */,
				9450FB0823B5F0A600DAD056 /* SceneDelegate.swift in Sources */,
			);
			runOnlyForDeploymentPostprocessing = 0;
		};
/* End PBXSourcesBuildPhase section */

/* Begin PBXVariantGroup section */
		9450FB0B23B5F0A600DAD056 /* Main.storyboard */ = {
			isa = PBXVariantGroup;
			children = (
				9450FB0C23B5F0A600DAD056 /* Base */,
			);
			name = Main.storyboard;
			sourceTree = "<group>";
		};
		9450FB1023B5F0A800DAD056 /* LaunchScreen.storyboard */ = {
			isa = PBXVariantGroup;
			children = (
				9450FB1123B5F0A800DAD056 /* Base */,
			);
			name = LaunchScreen.storyboard;
			sourceTree = "<group>";
		};
/* End PBXVariantGroup section */

/* Begin XCBuildConfiguration section */
		9450FB1423B5F0A800DAD056 /* Debug */ = {
			isa = XCBuildConfiguration;
			buildSettings = {
				ALWAYS_SEARCH_USER_PATHS = NO;
				CLANG_ANALYZER_NONNULL = YES;
				CLANG_ANALYZER_NUMBER_OBJECT_CONVERSION = YES_AGGRESSIVE;
				CLANG_CXX_LANGUAGE_STANDARD = "gnu++14";
				CLANG_CXX_LIBRARY = "libc++";
				CLANG_ENABLE_MODULES = YES;
				CLANG_ENABLE_OBJC_ARC = YES;
				CLANG_ENABLE_OBJC_WEAK = YES;
				CLANG_WARN_BLOCK_CAPTURE_AUTORELEASING = YES;
				CLANG_WARN_BOOL_CONVERSION = YES;
				CLANG_WARN_COMMA = YES;
				CLANG_WARN_CONSTANT_CONVERSION = YES;
				CLANG_WARN_DEPRECATED_OBJC_IMPLEMENTATIONS = YES;
				CLANG_WARN_DIRECT_OBJC_ISA_USAGE = YES_ERROR;
				CLANG_WARN_DOCUMENTATION_COMMENTS = YES;
				CLANG_WARN_EMPTY_BODY = YES;
				CLANG_WARN_ENUM_CONVERSION = YES;
				CLANG_WARN_INFINITE_RECURSION = YES;
				CLANG_WARN_INT_CONVERSION = YES;
				CLANG_WARN_NON_LITERAL_NULL_CONVERSION = YES;
				CLANG_WARN_OBJC_IMPLICIT_RETAIN_SELF = YES;
				CLANG_WARN_OBJC_LITERAL_CONVERSION = YES;
				CLANG_WARN_OBJC_ROOT_CLASS = YES_ERROR;
				CLANG_WARN_RANGE_LOOP_ANALYSIS = YES;
				CLANG_WARN_STRICT_PROTOTYPES = YES;
				CLANG_WARN_SUSPICIOUS_MOVE = YES;
				CLANG_WARN_UNGUARDED_AVAILABILITY = YES_AGGRESSIVE;
				CLANG_WARN_UNREACHABLE_CODE = YES;
				CLANG_WARN__DUPLICATE_METHOD_MATCH = YES;
				COPY_PHASE_STRIP = NO;
				DEBUG_INFORMATION_FORMAT = dwarf;
				ENABLE_STRICT_OBJC_MSGSEND = YES;
				ENABLE_TESTABILITY = YES;
				GCC_C_LANGUAGE_STANDARD = gnu11;
				GCC_DYNAMIC_NO_PIC = NO;
				GCC_NO_COMMON_BLOCKS = YES;
				GCC_OPTIMIZATION_LEVEL = 0;
				GCC_PREPROCESSOR_DEFINITIONS = (
					"DEBUG=1",
					"$(inherited)",
				);
				GCC_WARN_64_TO_32_BIT_CONVERSION = YES;
				GCC_WARN_ABOUT_RETURN_TYPE = YES_ERROR;
				GCC_WARN_UNDECLARED_SELECTOR = YES;
				GCC_WARN_UNINITIALIZED_AUTOS = YES_AGGRESSIVE;
				GCC_WARN_UNUSED_FUNCTION = YES;
				GCC_WARN_UNUSED_VARIABLE = YES;
				IPHONEOS_DEPLOYMENT_TARGET = 13.2;
				MTL_ENABLE_DEBUG_INFO = INCLUDE_SOURCE;
				MTL_FAST_MATH = YES;
				ONLY_ACTIVE_ARCH = YES;
				SDKROOT = iphoneos;
				SWIFT_ACTIVE_COMPILATION_CONDITIONS = DEBUG;
				SWIFT_OPTIMIZATION_LEVEL = "-Onone";
			};
			name = Debug;
		};
		9450FB1523B5F0A800DAD056 /* Release */ = {
			isa = XCBuildConfiguration;
			buildSettings = {
				ALWAYS_SEARCH_USER_PATHS = NO;
				CLANG_ANALYZER_NONNULL = YES;
				CLANG_ANALYZER_NUMBER_OBJECT_CONVERSION = YES_AGGRESSIVE;
				CLANG_CXX_LANGUAGE_STANDARD = "gnu++14";
				CLANG_CXX_LIBRARY = "libc++";
				CLANG_ENABLE_MODULES = YES;
				CLANG_ENABLE_OBJC_ARC = YES;
				CLANG_ENABLE_OBJC_WEAK = YES;
				CLANG_WARN_BLOCK_CAPTURE_AUTORELEASING = YES;
				CLANG_WARN_BOOL_CONVERSION = YES;
				CLANG_WARN_COMMA = YES;
				CLANG_WARN_CONSTANT_CONVERSION = YES;
				CLANG_WARN_DEPRECATED_OBJC_IMPLEMENTATIONS = YES;
				CLANG_WARN_DIRECT_OBJC_ISA_USAGE = YES_ERROR;
				CLANG_WARN_DOCUMENTATION_COMMENTS = YES;
				CLANG_WARN_EMPTY_BODY = YES;
				CLANG_WARN_ENUM_CONVERSION = YES;
				CLANG_WARN_INFINITE_RECURSION = YES;
				CLANG_WARN_INT_CONVERSION = YES;
				CLANG_WARN_NON_LITERAL_NULL_CONVERSION = YES;
				CLANG_WARN_OBJC_IMPLICIT_RETAIN_SELF = YES;
				CLANG_WARN_OBJC_LITERAL_CONVERSION = YES;
				CLANG_WARN_OBJC_ROOT_CLASS = YES_ERROR;
				CLANG_WARN_RANGE_LOOP_ANALYSIS = YES;
				CLANG_WARN_STRICT_PROTOTYPES = YES;
				CLANG_WARN_SUSPICIOUS_MOVE = YES;
				CLANG_WARN_UNGUARDED_AVAILABILITY = YES_AGGRESSIVE;
				CLANG_WARN_UNREACHABLE_CODE = YES;
				CLANG_WARN__DUPLICATE_METHOD_MATCH = YES;
				COPY_PHASE_STRIP = NO;
				DEBUG_INFORMATION_FORMAT = "dwarf-with-dsym";
				ENABLE_NS_ASSERTIONS = NO;
				ENABLE_STRICT_OBJC_MSGSEND = YES;
				GCC_C_LANGUAGE_STANDARD = gnu11;
				GCC_NO_COMMON_BLOCKS = YES;
				GCC_WARN_64_TO_32_BIT_CONVERSION = YES;
				GCC_WARN_ABOUT_RETURN_TYPE = YES_ERROR;
				GCC_WARN_UNDECLARED_SELECTOR = YES;
				GCC_WARN_UNINITIALIZED_AUTOS = YES_AGGRESSIVE;
				GCC_WARN_UNUSED_FUNCTION = YES;
				GCC_WARN_UNUSED_VARIABLE = YES;
				IPHONEOS_DEPLOYMENT_TARGET = 13.2;
				MTL_ENABLE_DEBUG_INFO = NO;
				MTL_FAST_MATH = YES;
				SDKROOT = iphoneos;
				SWIFT_COMPILATION_MODE = wholemodule;
				SWIFT_OPTIMIZATION_LEVEL = "-O";
				VALIDATE_PRODUCT = YES;
			};
			name = Release;
		};
		9450FB1723B5F0A800DAD056 /* Debug */ = {
			isa = XCBuildConfiguration;
			buildSettings = {
				ASSETCATALOG_COMPILER_APPICON_NAME = AppIcon;
				CODE_SIGN_STYLE = Automatic;
				DEVELOPMENT_TEAM = S9HRLGS74P;
				INFOPLIST_FILE = xxxx/Info.plist;
				LD_RUNPATH_SEARCH_PATHS = (
					"$(inherited)",
					"@executable_path/Frameworks",
				);
				PRODUCT_BUNDLE_IDENTIFIER = com.lining.xxxx;
				PRODUCT_NAME = "$(TARGET_NAME)";
				SWIFT_VERSION = 5.0;
				TARGETED_DEVICE_FAMILY = "1,2";
			};
			name = Debug;
		};
		9450FB1823B5F0A800DAD056 /* Release */ = {
			isa = XCBuildConfiguration;
			buildSettings = {
				ASSETCATALOG_COMPILER_APPICON_NAME = AppIcon;
				CODE_SIGN_STYLE = Automatic;
				DEVELOPMENT_TEAM = S9HRLGS74P;
				INFOPLIST_FILE = xxxx/Info.plist;
				LD_RUNPATH_SEARCH_PATHS = (
					"$(inherited)",
					"@executable_path/Frameworks",
				);
				PRODUCT_BUNDLE_IDENTIFIER = com.lining.xxxx;
				PRODUCT_NAME = "$(TARGET_NAME)";
				SWIFT_VERSION = 5.0;
				TARGETED_DEVICE_FAMILY = "1,2";
			};
			name = Release;
		};
/* End XCBuildConfiguration section */

/* Begin XCConfigurationList section */
		9450FAFD23B5F0A600DAD056 /* Build configuration list for PBXProject "xxxx" */ = {
			isa = XCConfigurationList;
			buildConfigurations = (
				9450FB1423B5F0A800DAD056 /* Debug */,
				9450FB1523B5F0A800DAD056 /* Release */,
			);
			defaultConfigurationIsVisible = 0;
			defaultConfigurationName = Release;
		};
		9450FB1623B5F0A800DAD056 /* Build configuration list for PBXNativeTarget "xxxx" */ = {
			isa = XCConfigurationList;
			buildConfigurations = (
				9450FB1723B5F0A800DAD056 /* Debug */,
				9450FB1823B5F0A800DAD056 /* Release */,
			);
			defaultConfigurationIsVisible = 0;
			defaultConfigurationName = Release;
		};
/* End XCConfigurationList section */
	};
	rootObject = 9450FAFA23B5F0A600DAD056 /* Project object */;
}
